
Microsoft Visual Studio Solution File, Format Version 12.00
# Visual Studio 15
VisualStudioVersion = 15.0.27428.2043
MinimumVisualStudioVersion = 10.0.40219.1
Project("{FAE04EC0-301F-11D3-BF4B-00C04F79EFBC}") = "HelloMVC2", "HelloMVC2\HelloMVC2.csproj", "{F1BDA59A-BD0F-41EA-B2D7-DE3F4335C43A}"
EndProject
Global
	GlobalSection(SolutionConfigurationPlatforms) = preSolution
		Debug|Any CPU = Debug|Any CPU
		Release|Any CPU = Release|Any CPU
	EndGlobalSection
	GlobalSection(ProjectConfigurationPlatforms) = postSolution
		{F1BDA59A-BD0F-41EA-B2D7-DE3F4335C43A}.Debug|Any CPU.ActiveCfg = Debug|Any CPU
		{F1BDA59A-BD0F-41EA-B2D7-DE3F4335C43A}.Debug|Any CPU.Build.0 = Debug|Any CPU
		{F1BDA59A-BD0F-41EA-B2D7-DE3F4335C43A}.Release|Any CPU.ActiveCfg = Release|Any CPU
		{F1BDA59A-BD0F-41EA-B2D7-DE3F4335C43A}.Release|Any CPU.Build.0 = Release|Any CPU
	EndGlobalSection
	GlobalSection(SolutionProperties) = preSolution
		HideSolutionNode = FALSE
	EndGlobalSection
	GlobalSection(ExtensibilityGlobals) = postSolution
		SolutionGuid = {C6E30745-AB65-48C6-B666-1046F3364C2E}
	EndGlobalSection
EndGlobal
