
Microsoft Visual Studio Solution File, Format Version 12.00
# Visual Studio 14
VisualStudioVersion = 14.0.25420.1
MinimumVisualStudioVersion = 10.0.40219.1
Project("{FAE04EC0-301F-11D3-BF4B-00C04F79EFBC}") = "TempConv", "TempConv\TempConv.csproj", "{8DEB902B-9072-448B-A508-C52E45481ED6}"
EndProject
Project("{FAE04EC0-301F-11D3-BF4B-00C04F79EFBC}") = "ElseIf", "ElseIf\ElseIf.csproj", "{D513FFB0-0E71-4967-A24E-8BD3045BFF88}"
EndProject
Project("{FAE04EC0-301F-11D3-BF4B-00C04F79EFBC}") = "DayPrinter", "DayPrinter\DayPrinter.csproj", "{6ACFF518-A390-48CC-90ED-E3274C188875}"
EndProject
Project("{FAE04EC0-301F-11D3-BF4B-00C04F79EFBC}") = "Histo", "Histo\Histo.csproj", "{4C63509B-1107-49BD-83BD-569AE68AD453}"
EndProject
Project("{FAE04EC0-301F-11D3-BF4B-00C04F79EFBC}") = "TechJobs", "TechJobs\TechJobs.csproj", "{9A5A7748-E7E8-447C-B0D7-0AE4C4F40632}"
EndProject
Project("{FAE04EC0-301F-11D3-BF4B-00C04F79EFBC}") = "HelloWorld", "HelloWorld\HelloWorld.csproj", "{9C2B24F3-1996-4502-94A1-44292E7EEDC5}"
EndProject
Project("{FAE04EC0-301F-11D3-BF4B-00C04F79EFBC}") = "AreaOfRectangle", "AreaOfRectangle\AreaOfRectangle.csproj", "{1E56CD63-46DB-47A3-B99E-0A3F7C1C253C}"
EndProject
Project("{FAE04EC0-301F-11D3-BF4B-00C04F79EFBC}") = "MilesPerGallon", "MilesPerGallon\MilesPerGallon.csproj", "{E6B1A287-1D95-4A0B-A790-37E00CF92893}"
EndProject
Project("{FAE04EC0-301F-11D3-BF4B-00C04F79EFBC}") = "Alice", "Alice\Alice.csproj", "{C763F420-0AFD-4F2B-99BB-5621E6BB808B}"
EndProject
Project("{2150E333-8FDC-42A3-9474-1A3956D46DE8}") = "Solution Items", "Solution Items", "{FD6FAB7F-31CB-4FCF-8104-1804EFAF9D43}"
	ProjectSection(SolutionItems) = preProject
		.gitignore = .gitignore
	EndProjectSection
EndProject
Global
	GlobalSection(SolutionConfigurationPlatforms) = preSolution
		Debug|Any CPU = Debug|Any CPU
		Release|Any CPU = Release|Any CPU
	EndGlobalSection
	GlobalSection(ProjectConfigurationPlatforms) = postSolution
		{8DEB902B-9072-448B-A508-C52E45481ED6}.Debug|Any CPU.ActiveCfg = Debug|Any CPU
		{8DEB902B-9072-448B-A508-C52E45481ED6}.Debug|Any CPU.Build.0 = Debug|Any CPU
		{8DEB902B-9072-448B-A508-C52E45481ED6}.Release|Any CPU.ActiveCfg = Release|Any CPU
		{8DEB902B-9072-448B-A508-C52E45481ED6}.Release|Any CPU.Build.0 = Release|Any CPU
		{D513FFB0-0E71-4967-A24E-8BD3045BFF88}.Debug|Any CPU.ActiveCfg = Debug|Any CPU
		{D513FFB0-0E71-4967-A24E-8BD3045BFF88}.Debug|Any CPU.Build.0 = Debug|Any CPU
		{D513FFB0-0E71-4967-A24E-8BD3045BFF88}.Release|Any CPU.ActiveCfg = Release|Any CPU
		{D513FFB0-0E71-4967-A24E-8BD3045BFF88}.Release|Any CPU.Build.0 = Release|Any CPU
		{6ACFF518-A390-48CC-90ED-E3274C188875}.Debug|Any CPU.ActiveCfg = Debug|Any CPU
		{6ACFF518-A390-48CC-90ED-E3274C188875}.Debug|Any CPU.Build.0 = Debug|Any CPU
		{6ACFF518-A390-48CC-90ED-E3274C188875}.Release|Any CPU.ActiveCfg = Release|Any CPU
		{6ACFF518-A390-48CC-90ED-E3274C188875}.Release|Any CPU.Build.0 = Release|Any CPU
		{4C63509B-1107-49BD-83BD-569AE68AD453}.Debug|Any CPU.ActiveCfg = Debug|Any CPU
		{4C63509B-1107-49BD-83BD-569AE68AD453}.Debug|Any CPU.Build.0 = Debug|Any CPU
		{4C63509B-1107-49BD-83BD-569AE68AD453}.Release|Any CPU.ActiveCfg = Release|Any CPU
		{4C63509B-1107-49BD-83BD-569AE68AD453}.Release|Any CPU.Build.0 = Release|Any CPU
		{9A5A7748-E7E8-447C-B0D7-0AE4C4F40632}.Debug|Any CPU.ActiveCfg = Debug|Any CPU
		{9A5A7748-E7E8-447C-B0D7-0AE4C4F40632}.Debug|Any CPU.Build.0 = Debug|Any CPU
		{9A5A7748-E7E8-447C-B0D7-0AE4C4F40632}.Release|Any CPU.ActiveCfg = Release|Any CPU
		{9A5A7748-E7E8-447C-B0D7-0AE4C4F40632}.Release|Any CPU.Build.0 = Release|Any CPU
		{9C2B24F3-1996-4502-94A1-44292E7EEDC5}.Debug|Any CPU.ActiveCfg = Debug|Any CPU
		{9C2B24F3-1996-4502-94A1-44292E7EEDC5}.Debug|Any CPU.Build.0 = Debug|Any CPU
		{9C2B24F3-1996-4502-94A1-44292E7EEDC5}.Release|Any CPU.ActiveCfg = Release|Any CPU
		{9C2B24F3-1996-4502-94A1-44292E7EEDC5}.Release|Any CPU.Build.0 = Release|Any CPU
		{1E56CD63-46DB-47A3-B99E-0A3F7C1C253C}.Debug|Any CPU.ActiveCfg = Debug|Any CPU
		{1E56CD63-46DB-47A3-B99E-0A3F7C1C253C}.Debug|Any CPU.Build.0 = Debug|Any CPU
		{1E56CD63-46DB-47A3-B99E-0A3F7C1C253C}.Release|Any CPU.ActiveCfg = Release|Any CPU
		{1E56CD63-46DB-47A3-B99E-0A3F7C1C253C}.Release|Any CPU.Build.0 = Release|Any CPU
		{E6B1A287-1D95-4A0B-A790-37E00CF92893}.Debug|Any CPU.ActiveCfg = Debug|Any CPU
		{E6B1A287-1D95-4A0B-A790-37E00CF92893}.Debug|Any CPU.Build.0 = Debug|Any CPU
		{E6B1A287-1D95-4A0B-A790-37E00CF92893}.Release|Any CPU.ActiveCfg = Release|Any CPU
		{E6B1A287-1D95-4A0B-A790-37E00CF92893}.Release|Any CPU.Build.0 = Release|Any CPU
		{C763F420-0AFD-4F2B-99BB-5621E6BB808B}.Debug|Any CPU.ActiveCfg = Debug|Any CPU
		{C763F420-0AFD-4F2B-99BB-5621E6BB808B}.Debug|Any CPU.Build.0 = Debug|Any CPU
		{C763F420-0AFD-4F2B-99BB-5621E6BB808B}.Release|Any CPU.ActiveCfg = Release|Any CPU
		{C763F420-0AFD-4F2B-99BB-5621E6BB808B}.Release|Any CPU.Build.0 = Release|Any CPU
	EndGlobalSection
	GlobalSection(SolutionProperties) = preSolution
		HideSolutionNode = FALSE
	EndGlobalSection
EndGlobal
