
Microsoft Visual Studio Solution File, Format Version 12.00
# Visual Studio 15
VisualStudioVersion = 15.0.27428.2043
MinimumVisualStudioVersion = 10.0.40219.1
Project("{FAE04EC0-301F-11D3-BF4B-00C04F79EFBC}") = "Quiz", "Quiz\Quiz.csproj", "{945283F5-F1AF-495D-9EE9-CA047437BFB2}"
EndProject
Global
	GlobalSection(SolutionConfigurationPlatforms) = preSolution
		Debug|Any CPU = Debug|Any CPU
		Release|Any CPU = Release|Any CPU
	EndGlobalSection
	GlobalSection(ProjectConfigurationPlatforms) = postSolution
		{945283F5-F1AF-495D-9EE9-CA047437BFB2}.Debug|Any CPU.ActiveCfg = Debug|Any CPU
		{945283F5-F1AF-495D-9EE9-CA047437BFB2}.Debug|Any CPU.Build.0 = Debug|Any CPU
		{945283F5-F1AF-495D-9EE9-CA047437BFB2}.Release|Any CPU.ActiveCfg = Release|Any CPU
		{945283F5-F1AF-495D-9EE9-CA047437BFB2}.Release|Any CPU.Build.0 = Release|Any CPU
	EndGlobalSection
	GlobalSection(SolutionProperties) = preSolution
		HideSolutionNode = FALSE
	EndGlobalSection
	GlobalSection(ExtensibilityGlobals) = postSolution
		SolutionGuid = {ABEB6F9F-3362-4A09-9131-A268A19BA174}
	EndGlobalSection
EndGlobal
