
Microsoft Visual Studio Solution File, Format Version 12.00
# Visual Studio 15
VisualStudioVersion = 15.0.27428.2043
MinimumVisualStudioVersion = 10.0.40219.1
Project("{FAE04EC0-301F-11D3-BF4B-00C04F79EFBC}") = "RectangleArea", "RectangleArea\RectangleArea.csproj", "{01357EB2-0F2E-4146-A7F2-BBE27965C32E}"
EndProject
Global
	GlobalSection(SolutionConfigurationPlatforms) = preSolution
		Debug|Any CPU = Debug|Any CPU
		Release|Any CPU = Release|Any CPU
	EndGlobalSection
	GlobalSection(ProjectConfigurationPlatforms) = postSolution
		{01357EB2-0F2E-4146-A7F2-BBE27965C32E}.Debug|Any CPU.ActiveCfg = Debug|Any CPU
		{01357EB2-0F2E-4146-A7F2-BBE27965C32E}.Debug|Any CPU.Build.0 = Debug|Any CPU
		{01357EB2-0F2E-4146-A7F2-BBE27965C32E}.Release|Any CPU.ActiveCfg = Release|Any CPU
		{01357EB2-0F2E-4146-A7F2-BBE27965C32E}.Release|Any CPU.Build.0 = Release|Any CPU
	EndGlobalSection
	GlobalSection(SolutionProperties) = preSolution
		HideSolutionNode = FALSE
	EndGlobalSection
	GlobalSection(ExtensibilityGlobals) = postSolution
		SolutionGuid = {5C6B909F-31DE-48CE-B081-7A5AB5788CF5}
	EndGlobalSection
EndGlobal
