
Microsoft Visual Studio Solution File, Format Version 12.00
# Visual Studio 15
VisualStudioVersion = 15.0.26730.15
MinimumVisualStudioVersion = 10.0.40219.1
Project("{FAE04EC0-301F-11D3-BF4B-00C04F79EFBC}") = "WebApplication1", "WebApplication1\WebApplication1.csproj", "{7BCB2245-DC4D-4604-A836-F28CD33EA2CC}"
EndProject
Global
	GlobalSection(SolutionConfigurationPlatforms) = preSolution
		Debug|Any CPU = Debug|Any CPU
		Release|Any CPU = Release|Any CPU
	EndGlobalSection
	GlobalSection(ProjectConfigurationPlatforms) = postSolution
		{7BCB2245-DC4D-4604-A836-F28CD33EA2CC}.Debug|Any CPU.ActiveCfg = Debug|Any CPU
		{7BCB2245-DC4D-4604-A836-F28CD33EA2CC}.Debug|Any CPU.Build.0 = Debug|Any CPU
		{7BCB2245-DC4D-4604-A836-F28CD33EA2CC}.Release|Any CPU.ActiveCfg = Release|Any CPU
		{7BCB2245-DC4D-4604-A836-F28CD33EA2CC}.Release|Any CPU.Build.0 = Release|Any CPU
	EndGlobalSection
	GlobalSection(SolutionProperties) = preSolution
		HideSolutionNode = FALSE
	EndGlobalSection
	GlobalSection(ExtensibilityGlobals) = postSolution
		SolutionGuid = {37CAE5FB-9083-4EDB-91DF-D0844C8A1E1C}
	EndGlobalSection
EndGlobal
