
Microsoft Visual Studio Solution File, Format Version 12.00
# Visual Studio 15
VisualStudioVersion = 15.0.26730.15
MinimumVisualStudioVersion = 10.0.40219.1
Project("{FAE04EC0-301F-11D3-BF4B-00C04F79EFBC}") = "IntroToVisual", "IntroToVisual\IntroToVisual.csproj", "{765AD989-3AE2-4494-9BF0-28EA7D16886A}"
EndProject
Global
	GlobalSection(SolutionConfigurationPlatforms) = preSolution
		Debug|Any CPU = Debug|Any CPU
		Release|Any CPU = Release|Any CPU
	EndGlobalSection
	GlobalSection(ProjectConfigurationPlatforms) = postSolution
		{765AD989-3AE2-4494-9BF0-28EA7D16886A}.Debug|Any CPU.ActiveCfg = Debug|Any CPU
		{765AD989-3AE2-4494-9BF0-28EA7D16886A}.Debug|Any CPU.Build.0 = Debug|Any CPU
		{765AD989-3AE2-4494-9BF0-28EA7D16886A}.Release|Any CPU.ActiveCfg = Release|Any CPU
		{765AD989-3AE2-4494-9BF0-28EA7D16886A}.Release|Any CPU.Build.0 = Release|Any CPU
	EndGlobalSection
	GlobalSection(SolutionProperties) = preSolution
		HideSolutionNode = FALSE
	EndGlobalSection
	GlobalSection(ExtensibilityGlobals) = postSolution
		SolutionGuid = {ABC0B854-34F2-4527-8795-B5C5F3202605}
	EndGlobalSection
EndGlobal
