
Microsoft Visual Studio Solution File, Format Version 12.00
# Visual Studio 15
VisualStudioVersion = 15.0.27428.2043
MinimumVisualStudioVersion = 10.0.40219.1
Project("{FAE04EC0-301F-11D3-BF4B-00C04F79EFBC}") = "AliceInWonderland", "AliceInWonderland\AliceInWonderland.csproj", "{F6DDE93C-535D-48ED-AD5A-A3849D520E44}"
EndProject
Global
	GlobalSection(SolutionConfigurationPlatforms) = preSolution
		Debug|Any CPU = Debug|Any CPU
		Release|Any CPU = Release|Any CPU
	EndGlobalSection
	GlobalSection(ProjectConfigurationPlatforms) = postSolution
		{F6DDE93C-535D-48ED-AD5A-A3849D520E44}.Debug|Any CPU.ActiveCfg = Debug|Any CPU
		{F6DDE93C-535D-48ED-AD5A-A3849D520E44}.Debug|Any CPU.Build.0 = Debug|Any CPU
		{F6DDE93C-535D-48ED-AD5A-A3849D520E44}.Release|Any CPU.ActiveCfg = Release|Any CPU
		{F6DDE93C-535D-48ED-AD5A-A3849D520E44}.Release|Any CPU.Build.0 = Release|Any CPU
	EndGlobalSection
	GlobalSection(SolutionProperties) = preSolution
		HideSolutionNode = FALSE
	EndGlobalSection
	GlobalSection(ExtensibilityGlobals) = postSolution
		SolutionGuid = {CD2078C7-0F18-40D1-851C-1330C0291644}
	EndGlobalSection
EndGlobal
