
Microsoft Visual Studio Solution File, Format Version 12.00
# Visual Studio 15
VisualStudioVersion = 15.0.26730.15
MinimumVisualStudioVersion = 10.0.40219.1
Project("{FAE04EC0-301F-11D3-BF4B-00C04F79EFBC}") = "Class5Prep", "Class5Prep\Class5Prep.csproj", "{D4B44320-A24A-4D2E-8A94-C2E317C8423B}"
EndProject
Global
	GlobalSection(SolutionConfigurationPlatforms) = preSolution
		Debug|Any CPU = Debug|Any CPU
		Release|Any CPU = Release|Any CPU
	EndGlobalSection
	GlobalSection(ProjectConfigurationPlatforms) = postSolution
		{D4B44320-A24A-4D2E-8A94-C2E317C8423B}.Debug|Any CPU.ActiveCfg = Debug|Any CPU
		{D4B44320-A24A-4D2E-8A94-C2E317C8423B}.Debug|Any CPU.Build.0 = Debug|Any CPU
		{D4B44320-A24A-4D2E-8A94-C2E317C8423B}.Release|Any CPU.ActiveCfg = Release|Any CPU
		{D4B44320-A24A-4D2E-8A94-C2E317C8423B}.Release|Any CPU.Build.0 = Release|Any CPU
	EndGlobalSection
	GlobalSection(SolutionProperties) = preSolution
		HideSolutionNode = FALSE
	EndGlobalSection
	GlobalSection(ExtensibilityGlobals) = postSolution
		SolutionGuid = {3A78D498-34CA-4746-8E29-7680494E0E63}
	EndGlobalSection
EndGlobal
