
Microsoft Visual Studio Solution File, Format Version 12.00
# Visual Studio 15
VisualStudioVersion = 15.0.26730.15
MinimumVisualStudioVersion = 10.0.40219.1
Project("{FAE04EC0-301F-11D3-BF4B-00C04F79EFBC}") = "Counting Characters", "Counting Characters\Counting Characters.csproj", "{D666667C-BFD8-41F6-9A45-2501E91E5CAE}"
EndProject
Global
	GlobalSection(SolutionConfigurationPlatforms) = preSolution
		Debug|Any CPU = Debug|Any CPU
		Release|Any CPU = Release|Any CPU
	EndGlobalSection
	GlobalSection(ProjectConfigurationPlatforms) = postSolution
		{D666667C-BFD8-41F6-9A45-2501E91E5CAE}.Debug|Any CPU.ActiveCfg = Debug|Any CPU
		{D666667C-BFD8-41F6-9A45-2501E91E5CAE}.Debug|Any CPU.Build.0 = Debug|Any CPU
		{D666667C-BFD8-41F6-9A45-2501E91E5CAE}.Release|Any CPU.ActiveCfg = Release|Any CPU
		{D666667C-BFD8-41F6-9A45-2501E91E5CAE}.Release|Any CPU.Build.0 = Release|Any CPU
	EndGlobalSection
	GlobalSection(SolutionProperties) = preSolution
		HideSolutionNode = FALSE
	EndGlobalSection
	GlobalSection(ExtensibilityGlobals) = postSolution
		SolutionGuid = {32EAD9AD-CC11-430F-A6CB-16564E4A4BBF}
	EndGlobalSection
EndGlobal
