
Microsoft Visual Studio Solution File, Format Version 12.00
# Visual Studio 15
VisualStudioVersion = 15.0.26730.15
MinimumVisualStudioVersion = 10.0.40219.1
Project("{FAE04EC0-301F-11D3-BF4B-00C04F79EFBC}") = "9-18Review", "9-18Review\9-18Review.csproj", "{EE1D9659-9E50-45DB-AC90-7E73FD25AF23}"
EndProject
Global
	GlobalSection(SolutionConfigurationPlatforms) = preSolution
		Debug|Any CPU = Debug|Any CPU
		Release|Any CPU = Release|Any CPU
	EndGlobalSection
	GlobalSection(ProjectConfigurationPlatforms) = postSolution
		{EE1D9659-9E50-45DB-AC90-7E73FD25AF23}.Debug|Any CPU.ActiveCfg = Debug|Any CPU
		{EE1D9659-9E50-45DB-AC90-7E73FD25AF23}.Debug|Any CPU.Build.0 = Debug|Any CPU
		{EE1D9659-9E50-45DB-AC90-7E73FD25AF23}.Release|Any CPU.ActiveCfg = Release|Any CPU
		{EE1D9659-9E50-45DB-AC90-7E73FD25AF23}.Release|Any CPU.Build.0 = Release|Any CPU
	EndGlobalSection
	GlobalSection(SolutionProperties) = preSolution
		HideSolutionNode = FALSE
	EndGlobalSection
	GlobalSection(ExtensibilityGlobals) = postSolution
		SolutionGuid = {7FA61809-D9DB-462F-852D-89D7D3065F09}
	EndGlobalSection
EndGlobal
