
Microsoft Visual Studio Solution File, Format Version 12.00
# Visual Studio 15
VisualStudioVersion = 15.0.26730.15
MinimumVisualStudioVersion = 10.0.40219.1
Project("{FAE04EC0-301F-11D3-BF4B-00C04F79EFBC}") = "ifelseconditionals", "ifelseconditionals\ifelseconditionals.csproj", "{6EBE6B47-F5DB-40DB-879F-1531145701E3}"
EndProject
Global
	GlobalSection(SolutionConfigurationPlatforms) = preSolution
		Debug|Any CPU = Debug|Any CPU
		Release|Any CPU = Release|Any CPU
	EndGlobalSection
	GlobalSection(ProjectConfigurationPlatforms) = postSolution
		{6EBE6B47-F5DB-40DB-879F-1531145701E3}.Debug|Any CPU.ActiveCfg = Debug|Any CPU
		{6EBE6B47-F5DB-40DB-879F-1531145701E3}.Debug|Any CPU.Build.0 = Debug|Any CPU
		{6EBE6B47-F5DB-40DB-879F-1531145701E3}.Release|Any CPU.ActiveCfg = Release|Any CPU
		{6EBE6B47-F5DB-40DB-879F-1531145701E3}.Release|Any CPU.Build.0 = Release|Any CPU
	EndGlobalSection
	GlobalSection(SolutionProperties) = preSolution
		HideSolutionNode = FALSE
	EndGlobalSection
	GlobalSection(ExtensibilityGlobals) = postSolution
		SolutionGuid = {816A9E50-7205-4107-80E9-81B0E76EC692}
	EndGlobalSection
EndGlobal
