
Microsoft Visual Studio Solution File, Format Version 12.00
# Visual Studio 15
VisualStudioVersion = 15.0.26730.15
MinimumVisualStudioVersion = 10.0.40219.1
Project("{FAE04EC0-301F-11D3-BF4B-00C04F79EFBC}") = "MagicApp", "MagicApp\MagicApp.csproj", "{9B370728-0D17-4E19-8F8C-08E21FBEE0B5}"
EndProject
Global
	GlobalSection(SolutionConfigurationPlatforms) = preSolution
		Debug|Any CPU = Debug|Any CPU
		Release|Any CPU = Release|Any CPU
	EndGlobalSection
	GlobalSection(ProjectConfigurationPlatforms) = postSolution
		{9B370728-0D17-4E19-8F8C-08E21FBEE0B5}.Debug|Any CPU.ActiveCfg = Debug|Any CPU
		{9B370728-0D17-4E19-8F8C-08E21FBEE0B5}.Debug|Any CPU.Build.0 = Debug|Any CPU
		{9B370728-0D17-4E19-8F8C-08E21FBEE0B5}.Release|Any CPU.ActiveCfg = Release|Any CPU
		{9B370728-0D17-4E19-8F8C-08E21FBEE0B5}.Release|Any CPU.Build.0 = Release|Any CPU
	EndGlobalSection
	GlobalSection(SolutionProperties) = preSolution
		HideSolutionNode = FALSE
	EndGlobalSection
	GlobalSection(ExtensibilityGlobals) = postSolution
		SolutionGuid = {690CEADA-96CB-4CFE-8A4D-6EB3323502C9}
	EndGlobalSection
EndGlobal
