
Microsoft Visual Studio Solution File, Format Version 12.00
# Visual Studio 15
VisualStudioVersion = 15.0.27428.2043
MinimumVisualStudioVersion = 10.0.40219.1
Project("{FAE04EC0-301F-11D3-BF4B-00C04F79EFBC}") = "Events.Web", "Events.Web\Events.Web.csproj", "{741EB713-DC97-4624-A14C-3E4E5EC2A88B}"
EndProject
Project("{FAE04EC0-301F-11D3-BF4B-00C04F79EFBC}") = "Events.Data", "Events.Data\Events.Data.csproj", "{9264825E-EE6F-416F-8D32-6742B93A223C}"
EndProject
Global
	GlobalSection(SolutionConfigurationPlatforms) = preSolution
		Debug|Any CPU = Debug|Any CPU
		Release|Any CPU = Release|Any CPU
	EndGlobalSection
	GlobalSection(ProjectConfigurationPlatforms) = postSolution
		{741EB713-DC97-4624-A14C-3E4E5EC2A88B}.Debug|Any CPU.ActiveCfg = Debug|Any CPU
		{741EB713-DC97-4624-A14C-3E4E5EC2A88B}.Debug|Any CPU.Build.0 = Debug|Any CPU
		{741EB713-DC97-4624-A14C-3E4E5EC2A88B}.Release|Any CPU.ActiveCfg = Release|Any CPU
		{741EB713-DC97-4624-A14C-3E4E5EC2A88B}.Release|Any CPU.Build.0 = Release|Any CPU
		{9264825E-EE6F-416F-8D32-6742B93A223C}.Debug|Any CPU.ActiveCfg = Debug|Any CPU
		{9264825E-EE6F-416F-8D32-6742B93A223C}.Debug|Any CPU.Build.0 = Debug|Any CPU
		{9264825E-EE6F-416F-8D32-6742B93A223C}.Release|Any CPU.ActiveCfg = Release|Any CPU
		{9264825E-EE6F-416F-8D32-6742B93A223C}.Release|Any CPU.Build.0 = Release|Any CPU
	EndGlobalSection
	GlobalSection(SolutionProperties) = preSolution
		HideSolutionNode = FALSE
	EndGlobalSection
	GlobalSection(ExtensibilityGlobals) = postSolution
		SolutionGuid = {2603D1C1-4D31-4A18-BAF8-0780DFCC2AC1}
	EndGlobalSection
EndGlobal
