
Microsoft Visual Studio Solution File, Format Version 12.00
# Visual Studio 15
VisualStudioVersion = 15.0.26730.15
MinimumVisualStudioVersion = 10.0.40219.1
Project("{FAE04EC0-301F-11D3-BF4B-00C04F79EFBC}") = "MyApp", "MyApp\MyApp.csproj", "{4FF77BBC-2EC2-4F9E-8DC9-64FEC0E5BD64}"
EndProject
Global
	GlobalSection(SolutionConfigurationPlatforms) = preSolution
		Debug|Any CPU = Debug|Any CPU
		Release|Any CPU = Release|Any CPU
	EndGlobalSection
	GlobalSection(ProjectConfigurationPlatforms) = postSolution
		{4FF77BBC-2EC2-4F9E-8DC9-64FEC0E5BD64}.Debug|Any CPU.ActiveCfg = Debug|Any CPU
		{4FF77BBC-2EC2-4F9E-8DC9-64FEC0E5BD64}.Debug|Any CPU.Build.0 = Debug|Any CPU
		{4FF77BBC-2EC2-4F9E-8DC9-64FEC0E5BD64}.Release|Any CPU.ActiveCfg = Release|Any CPU
		{4FF77BBC-2EC2-4F9E-8DC9-64FEC0E5BD64}.Release|Any CPU.Build.0 = Release|Any CPU
	EndGlobalSection
	GlobalSection(SolutionProperties) = preSolution
		HideSolutionNode = FALSE
	EndGlobalSection
	GlobalSection(ExtensibilityGlobals) = postSolution
		SolutionGuid = {85EDC6A3-ECA7-49A7-A223-796D11E2D98A}
	EndGlobalSection
EndGlobal
