
Microsoft Visual Studio Solution File, Format Version 12.00
# Visual Studio 15
VisualStudioVersion = 15.0.27428.2043
MinimumVisualStudioVersion = 10.0.40219.1
Project("{FAE04EC0-301F-11D3-BF4B-00C04F79EFBC}") = "GasMileage", "GasMileage\GasMileage.csproj", "{BDF9DB20-B61A-4136-9746-F4B4B2C7EEF4}"
EndProject
Global
	GlobalSection(SolutionConfigurationPlatforms) = preSolution
		Debug|Any CPU = Debug|Any CPU
		Release|Any CPU = Release|Any CPU
	EndGlobalSection
	GlobalSection(ProjectConfigurationPlatforms) = postSolution
		{BDF9DB20-B61A-4136-9746-F4B4B2C7EEF4}.Debug|Any CPU.ActiveCfg = Debug|Any CPU
		{BDF9DB20-B61A-4136-9746-F4B4B2C7EEF4}.Debug|Any CPU.Build.0 = Debug|Any CPU
		{BDF9DB20-B61A-4136-9746-F4B4B2C7EEF4}.Release|Any CPU.ActiveCfg = Release|Any CPU
		{BDF9DB20-B61A-4136-9746-F4B4B2C7EEF4}.Release|Any CPU.Build.0 = Release|Any CPU
	EndGlobalSection
	GlobalSection(SolutionProperties) = preSolution
		HideSolutionNode = FALSE
	EndGlobalSection
	GlobalSection(ExtensibilityGlobals) = postSolution
		SolutionGuid = {9E61A1C9-CA49-4465-A0D6-C84AD80C40D9}
	EndGlobalSection
EndGlobal
