
Microsoft Visual Studio Solution File, Format Version 12.00
# Visual Studio 15
VisualStudioVersion = 15.0.27428.2043
MinimumVisualStudioVersion = 10.0.40219.1
Project("{FAE04EC0-301F-11D3-BF4B-00C04F79EFBC}") = "InteractiveHelloWorld", "InteractiveHelloWorld\InteractiveHelloWorld.csproj", "{581902F0-B01E-4499-9270-3AEE0EAA463B}"
EndProject
Global
	GlobalSection(SolutionConfigurationPlatforms) = preSolution
		Debug|Any CPU = Debug|Any CPU
		Release|Any CPU = Release|Any CPU
	EndGlobalSection
	GlobalSection(ProjectConfigurationPlatforms) = postSolution
		{581902F0-B01E-4499-9270-3AEE0EAA463B}.Debug|Any CPU.ActiveCfg = Debug|Any CPU
		{581902F0-B01E-4499-9270-3AEE0EAA463B}.Debug|Any CPU.Build.0 = Debug|Any CPU
		{581902F0-B01E-4499-9270-3AEE0EAA463B}.Release|Any CPU.ActiveCfg = Release|Any CPU
		{581902F0-B01E-4499-9270-3AEE0EAA463B}.Release|Any CPU.Build.0 = Release|Any CPU
	EndGlobalSection
	GlobalSection(SolutionProperties) = preSolution
		HideSolutionNode = FALSE
	EndGlobalSection
	GlobalSection(ExtensibilityGlobals) = postSolution
		SolutionGuid = {4AEDDB13-9681-451F-A76B-EB7B54068BF5}
	EndGlobalSection
EndGlobal
